# This file is automatically @generated by Poetry 2.1.1 and should not be changed by hand.

[[package]]
name = "pyside6"
version = "6.8.2.1"
description = "Python bindings for the Qt cross-platform application and UI framework"
optional = false
python-versions = "<3.14,>=3.9"
groups = ["main"]
files = [
    {file = "PySide6-6.8.2.1-cp39-abi3-macosx_12_0_universal2.whl", hash = "sha256:3fcb551729f235475b2abe7d919027de54a65d850e744f60716f890202273720"},
    {file = "PySide6-6.8.2.1-cp39-abi3-manylinux_2_28_x86_64.whl", hash = "sha256:23d2a1a77b25459a049c4276b4e0bbfb375b73d3921061b1a16bcfa64e1fe517"},
    {file = "PySide6-6.8.2.1-cp39-abi3-manylinux_2_39_aarch64.whl", hash = "sha256:bfefa80a93db06dc64c0e7beef0377c9b8ca51e007cfc34575defe065af893b6"},
    {file = "PySide6-6.8.2.1-cp39-abi3-win_amd64.whl", hash = "sha256:92361e41727910e3560ea5ba494fabecc76cd20892c9fcb2ced07619081c4e65"},
]

[package.dependencies]
PySide6-Addons = "6.8.2.1"
PySide6-Essentials = "6.8.2.1"
shiboken6 = "6.8.2.1"

[[package]]
name = "pyside6-addons"
version = "6.8.2.1"
description = "Python bindings for the Qt cross-platform application and UI framework (Addons)"
optional = false
python-versions = "<3.14,>=3.9"
groups = ["main"]
files = [
    {file = "PySide6_Addons-6.8.2.1-cp39-abi3-macosx_12_0_universal2.whl", hash = "sha256:5558816018042fecd0d782111ced529585a23ea9a010b518f8495764f578a01f"},
    {file = "PySide6_Addons-6.8.2.1-cp39-abi3-manylinux_2_28_x86_64.whl", hash = "sha256:f3d85e676851ada8238bc76ebfacbee738fc0b35b3bc15c9765dd107b8ee6ec4"},
    {file = "PySide6_Addons-6.8.2.1-cp39-abi3-manylinux_2_39_aarch64.whl", hash = "sha256:d904179f16deeca4ba440b4ef78e8d54df2b994b46784ad9d53b741082f3b2a7"},
    {file = "PySide6_Addons-6.8.2.1-cp39-abi3-win_amd64.whl", hash = "sha256:c761cc45022aa79d8419e671e7fb34a4a3e5b3826f1e68fcb819bd6e3a387fbb"},
]

[package.dependencies]
PySide6-Essentials = "6.8.2.1"
shiboken6 = "6.8.2.1"

[[package]]
name = "pyside6-essentials"
version = "6.8.2.1"
description = "Python bindings for the Qt cross-platform application and UI framework (Essentials)"
optional = false
python-versions = "<3.14,>=3.9"
groups = ["main"]
files = [
    {file = "PySide6_Essentials-6.8.2.1-cp39-abi3-macosx_12_0_universal2.whl", hash = "sha256:ae5cc48f7e9a08e73e3ec2387ce245c8150e620b8d5a87548ebd4b8e3aeae49b"},
    {file = "PySide6_Essentials-6.8.2.1-cp39-abi3-manylinux_2_28_x86_64.whl", hash = "sha256:5ab31e5395a4724102edd6e8ff980fa3f7cde2aa79050763a1dcc30bb914195a"},
    {file = "PySide6_Essentials-6.8.2.1-cp39-abi3-manylinux_2_39_aarch64.whl", hash = "sha256:7aed46f91d44399b4c713cf7387f5fb6f0114413fbcdbde493a528fb8e19f6ed"},
    {file = "PySide6_Essentials-6.8.2.1-cp39-abi3-win_amd64.whl", hash = "sha256:18de224f09108998d194e60f2fb8a1e86367dd525dd8a6192598e80e6ada649e"},
]

[package.dependencies]
shiboken6 = "6.8.2.1"

[[package]]
name = "shiboken6"
version = "6.8.2.1"
description = "Python/C++ bindings helper module"
optional = false
python-versions = "<3.14,>=3.9"
groups = ["main"]
files = [
    {file = "shiboken6-6.8.2.1-cp39-abi3-macosx_12_0_universal2.whl", hash = "sha256:d3dedeb3732ecfc920c9f97da769c0022a1c3bda99346a9eba56fbf093deaa75"},
    {file = "shiboken6-6.8.2.1-cp39-abi3-manylinux_2_28_x86_64.whl", hash = "sha256:c83e90056f13d0872cc4d2b7bf60b6d6e3b1b172f1f91910c0ba5b641af01758"},
    {file = "shiboken6-6.8.2.1-cp39-abi3-manylinux_2_39_aarch64.whl", hash = "sha256:8592401423acc693f51dbbfae5e7493cc3ed6738be79daaf90afa07f4da5bb25"},
    {file = "shiboken6-6.8.2.1-cp39-abi3-win_amd64.whl", hash = "sha256:1b751d47b759762b7ca31bad278d52eca4105d3028880d93979261ebbfba810c"},
]

[metadata]
lock-version = "2.1"
python-versions = ">=3.10,<3.14"
content-hash = "a2bf085db8cef835d3812ebfb42d1ca1abba14368e4117e0e38bf13b8f68e3cb"
